{
  "version": "4",
  "specifiers": {
    "jsr:@std/assert@^1.0.2": "1.0.6",
    "jsr:@std/bytes@^1.0.2": "1.0.2",
    "jsr:@std/internal@^1.0.4": "1.0.4",
    "npm:@types/regenerate@^1.4.3": "1.4.3",
    "npm:dprint@*": "0.47.2",
    "npm:regenerate@*": "1.4.2",
    "npm:regenerate@^1.4.2": "1.4.2",
    "npm:vscode-languageserver-protocol@^3.17.5": "3.17.5",
    "npm:vscode-languageserver-types@^3.17.5": "3.17.5"
  },
  "jsr": {
    "@std/assert@1.0.6": {
      "integrity": "1904c05806a25d94fe791d6d883b685c9e2dcd60e4f9fc30f4fc5cf010c72207",
      "dependencies": [
        "jsr:@std/internal"
      ]
    },
    "@std/bytes@1.0.2": {
      "integrity": "fbdee322bbd8c599a6af186a1603b3355e59a5fb1baa139f8f4c3c9a1b3e3d57"
    },
    "@std/internal@1.0.4": {
      "integrity": "62e8e4911527e5e4f307741a795c0b0a9e6958d0b3790716ae71ce085f755422"
    }
  },
  "npm": {
    "@dprint/darwin-arm64@0.47.2": {
      "integrity": "sha512-mVPFBJsXxGDKHHCAY8wbqOyS4028g1bN15H9tivCnPAjwaZhkUimZHXWejXADjhGn+Xm2SlakugY9PY/68pH3Q=="
    },
    "@dprint/darwin-x64@0.47.2": {
      "integrity": "sha512-T7wzlc+rBV+6BRRiBjoqoy5Hj4TR2Nv2p2s9+ycyPGs10Kj/JXOWD8dnEHeBgUr2r4qe/ZdcxmsFQ5Hf2n0WuA=="
    },
    "@dprint/linux-arm64-glibc@0.47.2": {
      "integrity": "sha512-B0m1vT5LdVtrNOVdkqpLPrSxuCD+l5bTIgRzPaDoIB1ChWQkler9IlX8C+RStpujjPj6SYvwo5vTzjQSvRdQkA=="
    },
    "@dprint/linux-arm64-musl@0.47.2": {
      "integrity": "sha512-zID6wZZqpg2/Q2Us+ERQkbhLwlW3p3xaeEr00MPf49bpydmEjMiPuSjWPkNv+slQSIyIsVovOxF4lbNZjsdtvw=="
    },
    "@dprint/linux-x64-glibc@0.47.2": {
      "integrity": "sha512-rB3WXMdINnRd33DItIp7mObS7dzHW90ZzeJSsoKJLPp+Z7wXjjb27UUowfqVI4baa/1pd7sdbX54DPohMtfu/A=="
    },
    "@dprint/linux-x64-musl@0.47.2": {
      "integrity": "sha512-E0+TNbzYdTXJ/jCVjUctVxkda/faw++aDQLfyWGcmdMJnbM7NZz+W4fUpDXzMPsjy+zTWxXcPK7/q2DZz2gnbg=="
    },
    "@dprint/win32-arm64@0.47.2": {
      "integrity": "sha512-K1EieTCFjfOCmyIhw9zFSduE6qVCNHEveupqZEfbSkVGw5T9MJQ1I9+n7MDb3RIDYEUk0enJ58/w82q8oDKCyA=="
    },
    "@dprint/win32-x64@0.47.2": {
      "integrity": "sha512-LhizWr8VrhHvq4ump8HwOERyFmdLiE8C6A42QSntGXzKdaa2nEOq20x/o56ZIiDcesiV+1TmosMKimPcOZHa+Q=="
    },
    "@types/regenerate@1.4.3": {
      "integrity": "sha512-56IFSbwI8P0FswkxlEQhUq8HwF50scnIcskcvU0yy8jx/A1e+upJSiiTw2RD1QxCHvJQZdH7HVoKWF0n4fbQJA=="
    },
    "dprint@0.47.2": {
      "integrity": "sha512-geUcVIIrmLaY+YtuOl4gD7J/QCjsXZa5gUqre9sO6cgH0X/Fa9heBN3l/AWVII6rKPw45ATuCSDWz1pyO+HkPQ==",
      "dependencies": [
        "@dprint/darwin-arm64",
        "@dprint/darwin-x64",
        "@dprint/linux-arm64-glibc",
        "@dprint/linux-arm64-musl",
        "@dprint/linux-x64-glibc",
        "@dprint/linux-x64-musl",
        "@dprint/win32-arm64",
        "@dprint/win32-x64"
      ]
    },
    "regenerate@1.4.2": {
      "integrity": "sha512-zrceR/XhGYU/d/opr2EKO7aRHUeiBI8qjtfHqADTwZd6Szfy16la6kqD0MIUs5z5hx6AaKa+PixpPrR289+I0A=="
    },
    "vscode-jsonrpc@8.2.0": {
      "integrity": "sha512-C+r0eKJUIfiDIfwJhria30+TYWPtuHJXHtI7J0YlOmKAo7ogxP20T0zxB7HZQIFhIyvoBPwWskjxrvAtfjyZfA=="
    },
    "vscode-languageserver-protocol@3.17.5": {
      "integrity": "sha512-mb1bvRJN8SVznADSGWM9u/b07H7Ecg0I3OgXDuLdn307rl/J3A9YD6/eYOssqhecL27hK1IPZAsaqh00i/Jljg==",
      "dependencies": [
        "vscode-jsonrpc",
        "vscode-languageserver-types"
      ]
    },
    "vscode-languageserver-types@3.17.5": {
      "integrity": "sha512-Ld1VelNuX9pdF39h2Hgaeb5hEZM2Z3jUrrMgWQAu82jMtZp7p3vJT3BzToKtZI7NgQssZje5o0zryOrhQvzQAg=="
    }
  },
  "workspace": {
    "members": {
      "lsp/test": {
        "dependencies": [
          "jsr:@std/assert@^1.0.2",
          "jsr:@std/bytes@^1.0.2",
          "npm:vscode-languageserver-protocol@^3.17.5",
          "npm:vscode-languageserver-types@^3.17.5"
        ]
      },
      "tools": {
        "dependencies": [
          "npm:@types/regenerate@^1.4.3",
          "npm:regenerate@^1.4.2"
        ]
      }
    }
  }
}
